
Microsoft Visual Studio Solution File, Format Version 12.00
# Visual Studio Version 17
VisualStudioVersion = 17.6.33815.320
MinimumVisualStudioVersion = 10.0.40219.1
Project("{9A19103F-16F7-4668-BE54-9A1E7A4F7556}") = "PathfinderDatabaseImplement", "PathfinderDatabaseImplement\PathfinderDatabaseImplement.csproj", "{3BB6F121-79A4-4272-883A-231A929F07EC}"
EndProject
Project("{FAE04EC0-301F-11D3-BF4B-00C04F79EFBC}") = "PathfinderView", "PathfinderView\PathfinderView.csproj", "{F441649B-EE75-427A-8791-1D4C52B0824F}"
EndProject
Project("{FAE04EC0-301F-11D3-BF4B-00C04F79EFBC}") = "PathfinderContracts", "PathfinderContracts\PathfinderContracts.csproj", "{A490FDDE-5F78-4A16-94A2-766CB43DEA9D}"
EndProject
Global
	GlobalSection(SolutionConfigurationPlatforms) = preSolution
		Debug|Any CPU = Debug|Any CPU
		Release|Any CPU = Release|Any CPU
	EndGlobalSection
	GlobalSection(ProjectConfigurationPlatforms) = postSolution
		{3BB6F121-79A4-4272-883A-231A929F07EC}.Debug|Any CPU.ActiveCfg = Debug|Any CPU
		{3BB6F121-79A4-4272-883A-231A929F07EC}.Debug|Any CPU.Build.0 = Debug|Any CPU
		{3BB6F121-79A4-4272-883A-231A929F07EC}.Release|Any CPU.ActiveCfg = Release|Any CPU
		{3BB6F121-79A4-4272-883A-231A929F07EC}.Release|Any CPU.Build.0 = Release|Any CPU
		{F441649B-EE75-427A-8791-1D4C52B0824F}.Debug|Any CPU.ActiveCfg = Debug|Any CPU
		{F441649B-EE75-427A-8791-1D4C52B0824F}.Debug|Any CPU.Build.0 = Debug|Any CPU
		{F441649B-EE75-427A-8791-1D4C52B0824F}.Release|Any CPU.ActiveCfg = Release|Any CPU
		{F441649B-EE75-427A-8791-1D4C52B0824F}.Release|Any CPU.Build.0 = Release|Any CPU
		{A490FDDE-5F78-4A16-94A2-766CB43DEA9D}.Debug|Any CPU.ActiveCfg = Debug|Any CPU
		{A490FDDE-5F78-4A16-94A2-766CB43DEA9D}.Debug|Any CPU.Build.0 = Debug|Any CPU
		{A490FDDE-5F78-4A16-94A2-766CB43DEA9D}.Release|Any CPU.ActiveCfg = Release|Any CPU
		{A490FDDE-5F78-4A16-94A2-766CB43DEA9D}.Release|Any CPU.Build.0 = Release|Any CPU
	EndGlobalSection
	GlobalSection(SolutionProperties) = preSolution
		HideSolutionNode = FALSE
	EndGlobalSection
	GlobalSection(ExtensibilityGlobals) = postSolution
		SolutionGuid = {26C2916A-8EDA-4F63-832B-4ECE53B7B16D}
	EndGlobalSection
EndGlobal
